
Microsoft Visual Studio Solution File, Format Version 12.00
# Visual Studio Version 17
VisualStudioVersion = 17.5.33516.290
MinimumVisualStudioVersion = 10.0.40219.1
Project("{FAE04EC0-301F-11D3-BF4B-00C04F79EFBC}") = "BezierAirfoilDesigner", "BezierAirfoilDesigner\BezierAirfoilDesigner.csproj", "{F8E8CE46-747D-4247-8EEF-C7AA44CA5E20}"
EndProject
Global
	GlobalSection(SolutionConfigurationPlatforms) = preSolution
		Debug|Any CPU = Debug|Any CPU
		Release|Any CPU = Release|Any CPU
	EndGlobalSection
	GlobalSection(ProjectConfigurationPlatforms) = postSolution
		{F8E8CE46-747D-4247-8EEF-C7AA44CA5E20}.Debug|Any CPU.ActiveCfg = Debug|Any CPU
		{F8E8CE46-747D-4247-8EEF-C7AA44CA5E20}.Debug|Any CPU.Build.0 = Debug|Any CPU
		{F8E8CE46-747D-4247-8EEF-C7AA44CA5E20}.Release|Any CPU.ActiveCfg = Release|Any CPU
		{F8E8CE46-747D-4247-8EEF-C7AA44CA5E20}.Release|Any CPU.Build.0 = Release|Any CPU
	EndGlobalSection
	GlobalSection(SolutionProperties) = preSolution
		HideSolutionNode = FALSE
	EndGlobalSection
	GlobalSection(ExtensibilityGlobals) = postSolution
		SolutionGuid = {D0FB3F5C-D239-4A72-96E7-4D611CB8709C}
	EndGlobalSection
EndGlobal
